// !$*UTF8*$!
{
	archiveVersion = 1;
	classes = {
	};
	objectVersion = 46;
	objects = {

/* Begin PBXBuildFile section */
		24E209DFACD3F02F245D021B /* Pods.framework in Frameworks */ = {isa = PBXBuildFile; fileRef = D875816E15CACA14D454253D /* Pods.framework */; };
		3CCC82901C6D285200B0D129 /* AppDelegate.swift in Sources */ = {isa = PBXBuildFile; fileRef = 3CCC828F1C6D285200B0D129 /* AppDelegate.swift */; };
		3CCC82921C6D285200B0D129 /* ViewController.swift in Sources */ = {isa = PBXBuildFile; fileRef = 3CCC82911C6D285200B0D129 /* ViewController.swift */; };
		3CCC82951C6D285200B0D129 /* Main.storyboard in Resources */ = {isa = PBXBuildFile; fileRef = 3CCC82931C6D285200B0D129 /* Main.storyboard */; };
		3CCC82971C6D285200B0D129 /* Assets.xcassets in Resources */ = {isa = PBXBuildFile; fileRef = 3CCC82961C6D285200B0D129 /* Assets.xcassets */; };
		3CCC829A1C6D285200B0D129 /* LaunchScreen.storyboard in Resources */ = {isa = PBXBuildFile; fileRef = 3CCC82981C6D285200B0D129 /* LaunchScreen.storyboard */; };
/* End PBXBuildFile section */

/* Begin PBXFileReference section */
		395227C05CA495628F251014 /* Pods.release.xcconfig */ = {isa = PBXFileReference; includeInIndex = 1; lastKnownFileType = text.xcconfig; name = Pods.release.xcconfig; path = "Pods/Target Support Files/Pods/Pods.release.xcconfig"; sourceTree = "<group>"; };
		3CCC828C1C6D285200B0D129 /* ChatApp.app */ = {isa = PBXFileReference; explicitFileType = wrapper.application; includeInIndex = 0; path = ChatApp.app; sourceTree = BUILT_PRODUCTS_DIR; };
		3CCC828F1C6D285200B0D129 /* AppDelegate.swift */ = {isa = PBXFileReference; lastKnownFileType = sourcecode.swift; path = AppDelegate.swift; sourceTree = "<group>"; };
		3CCC82911C6D285200B0D129 /* ViewController.swift */ = {isa = PBXFileReference; lastKnownFileType = sourcecode.swift; path = ViewController.swift; sourceTree = "<group>"; };
		3CCC82941C6D285200B0D129 /* Base */ = {isa = PBXFileReference; lastKnownFileType = file.storyboard; name = Base; path = Base.lproj/Main.storyboard; sourceTree = "<group>"; };
		3CCC82961C6D285200B0D129 /* Assets.xcassets */ = {isa = PBXFileReference; lastKnownFileType = folder.assetcatalog; path = Assets.xcassets; sourceTree = "<group>"; };
		3CCC82991C6D285200B0D129 /* Base */ = {isa = PBXFileReference; lastKnownFileType = file.storyboard; name = Base; path = Base.lproj/LaunchScreen.storyboard; sourceTree = "<group>"; };
		3CCC829B1C6D285200B0D129 /* Info.plist */ = {isa = PBXFileReference; lastKnownFileType = text.plist.xml; path = Info.plist; sourceTree = "<group>"; };
		D555D4163127D8AE24762E92 /* Pods.debug.xcconfig */ = {isa = PBXFileReference; includeInIndex = 1; lastKnownFileType = text.xcconfig; name = Pods.debug.xcconfig; path = "Pods/Target Support Files/Pods/Pods.debug.xcconfig"; sourceTree = "<group>"; };
		D875816E15CACA14D454253D /* Pods.framework */ = {isa = PBXFileReference; explicitFileType = wrapper.framework; includeInIndex = 0; path = Pods.framework; sourceTree = BUILT_PRODUCTS_DIR; };
/* End PBXFileReference section */

/* Begin PBXFrameworksBuildPhase section */
		3CCC82891C6D285200B0D129 /* Frameworks */ = {
			isa = PBXFrameworksBuildPhase;
			buildActionMask = 2147483647;
			files = (
				24E209DFACD3F02F245D021B /* Pods.framework in Frameworks */,
			);
			runOnlyForDeploymentPostprocessing = 0;
		};
/* End PBXFrameworksBuildPhase section */

/* Begin PBXGroup section */
		3CCC82831C6D285200B0D129 = {
			isa = PBXGroup;
			children = (
				3CCC828E1C6D285200B0D129 /* ChatApp */,
				3CCC828D1C6D285200B0D129 /* Products */,
				8BEC37679EEE36A4D37F6F12 /* Pods */,
				6F7B02839FD063CFE97D08C7 /* Frameworks */,
			);
			sourceTree = "<group>";
		};
		3CCC828D1C6D285200B0D129 /* Products */ = {
			isa = PBXGroup;
			children = (
				3CCC828C1C6D285200B0D129 /* ChatApp.app */,
			);
			name = Products;
			sourceTree = "<group>";
		};
		3CCC828E1C6D285200B0D129 /* ChatApp */ = {
			isa = PBXGroup;
			children = (
				3CCC828F1C6D285200B0D129 /* AppDelegate.swift */,
				3CCC82911C6D285200B0D129 /* ViewController.swift */,
				3CCC82931C6D285200B0D129 /* Main.storyboard */,
				3CCC82961C6D285200B0D129 /* Assets.xcassets */,
				3CCC82981C6D285200B0D129 /* LaunchScreen.storyboard */,
				3CCC829B1C6D285200B0D129 /* Info.plist */,
			);
			path = ChatApp;
			sourceTree = "<group>";
		};
		6F7B02839FD063CFE97D08C7 /* Frameworks */ = {
			isa = PBXGroup;
			children = (
				D875816E15CACA14D454253D /* Pods.framework */,
			);
			name = Frameworks;
			sourceTree = "<group>";
		};
		8BEC37679EEE36A4D37F6F12 /* Pods */ = {
			isa = PBXGroup;
			children = (
				D555D4163127D8AE24762E92 /* Pods.debug.xcconfig */,
				395227C05CA495628F251014 /* Pods.release.xcconfig */,
			);
			name = Pods;
			sourceTree = "<group>";
		};
/* End PBXGroup section */

/* Begin PBXNativeTarget section */
		3CCC828B1C6D285200B0D129 /* ChatApp */ = {
			isa = PBXNativeTarget;
			buildConfigurationList = 3CCC829E1C6D285200B0D129 /* Build configuration list for PBXNativeTarget "ChatApp" */;
			buildPhases = (
				AB12B983A88A7F395E5F218C /* Check Pods Manifest.lock */,
				3CCC82881C6D285200B0D129 /* Sources */,
				3CCC82891C6D285200B0D129 /* Frameworks */,
				3CCC828A1C6D285200B0D129 /* Resources */,
				FAEB37E3C3D4A27A21DBE699 /* Embed Pods Frameworks */,
				41804EDC54B097B4A528228F /* Copy Pods Resources */,
			);
			buildRules = (
			);
			dependencies = (
			);
			name = ChatApp;
			productName = ChatApp;
			productReference = 3CCC828C1C6D285200B0D129 /* ChatApp.app */;
			productType = "com.apple.product-type.application";
		};
/* End PBXNativeTarget section */

/* Begin PBXProject section */
		3CCC82841C6D285200B0D129 /* Project object */ = {
			isa = PBXProject;
			attributes = {
				LastUpgradeCheck = 0700;
				ORGANIZATIONNAME = "Jiayi Kou";
				TargetAttributes = {
					3CCC828B1C6D285200B0D129 = {
						CreatedOnToolsVersion = 7.0;
					};
				};
			};
			buildConfigurationList = 3CCC82871C6D285200B0D129 /* Build configuration list for PBXProject "ChatApp" */;
			compatibilityVersion = "Xcode 3.2";
			developmentRegion = English;
			hasScannedForEncodings = 0;
			knownRegions = (
				en,
				Base,
			);
			mainGroup = 3CCC82831C6D285200B0D129;
			productRefGroup = 3CCC828D1C6D285200B0D129 /* Products */;
			projectDirPath = "";
			projectRoot = "";
			targets = (
				3CCC828B1C6D285200B0D129 /* ChatApp */,
			);
		};
/* End PBXProject section */

/* Begin PBXResourcesBuildPhase section */
		3CCC828A1C6D285200B0D129 /* Resources */ = {
			isa = PBXResourcesBuildPhase;
			buildActionMask = 2147483647;
			files = (
				3CCC829A1C6D285200B0D129 /* LaunchScreen.storyboard in Resources */,
				3CCC82971C6D285200B0D129 /* Assets.xcassets in Resources */,
				3CCC82951C6D285200B0D129 /* Main.storyboard in Resources */,
			);
			runOnlyForDeploymentPostprocessing = 0;
		};
/* End PBXResourcesBuildPhase section */

/* Begin PBXShellScriptBuildPhase section */
		41804EDC54B097B4A528228F /* Copy Pods Resources */ = {
			isa = PBXShellScriptBuildPhase;
			buildActionMask = 2147483647;
			files = (
			);
			inputPaths = (
			);
			name = "Copy Pods Resources";
			outputPaths = (
			);
			runOnlyForDeploymentPostprocessing = 0;
			shellPath = /bin/sh;
			shellScript = "\"${SRCROOT}/Pods/Target Support Files/Pods/Pods-resources.sh\"\n";
			showEnvVarsInLog = 0;
		};
		AB12B983A88A7F395E5F218C /* Check Pods Manifest.lock */ = {
			isa = PBXShellScriptBuildPhase;
			buildActionMask = 2147483647;
			files = (
			);
			inputPaths = (
			);
			name = "Check Pods Manifest.lock";
			outputPaths = (
			);
			runOnlyForDeploymentPostprocessing = 0;
			shellPath = /bin/sh;
			shellScript = "diff \"${PODS_ROOT}/../Podfile.lock\" \"${PODS_ROOT}/Manifest.lock\" > /dev/null\nif [[ $? != 0 ]] ; then\n    cat << EOM\nerror: The sandbox is not in sync with the Podfile.lock. Run 'pod install' or update your CocoaPods installation.\nEOM\n    exit 1\nfi\n";
			showEnvVarsInLog = 0;
		};
		FAEB37E3C3D4A27A21DBE699 /* Embed Pods Frameworks */ = {
			isa = PBXShellScriptBuildPhase;
			buildActionMask = 2147483647;
			files = (
			);
			inputPaths = (
			);
			name = "Embed Pods Frameworks";
			outputPaths = (
			);
			runOnlyForDeploymentPostprocessing = 0;
			shellPath = /bin/sh;
			shellScript = "\"${SRCROOT}/Pods/Target Support Files/Pods/Pods-frameworks.sh\"\n";
			showEnvVarsInLog = 0;
		};
/* End PBXShellScriptBuildPhase section */

/* Begin PBXSourcesBuildPhase section */
		3CCC82881C6D285200B0D129 /* Sources */ = {
			isa = PBXSourcesBuildPhase;
			buildActionMask = 2147483647;
			files = (
				3CCC82921C6D285200B0D129 /* ViewController.swift in Sources */,
				3CCC82901C6D285200B0D129 /* AppDelegate.swift in Sources */,
			);
			runOnlyForDeploymentPostprocessing = 0;
		};
/* End PBXSourcesBuildPhase section */

/* Begin PBXVariantGroup section */
		3CCC82931C6D285200B0D129 /* Main.storyboard */ = {
			isa = PBXVariantGroup;
			children = (
				3CCC82941C6D285200B0D129 /* Base */,
			);
			name = Main.storyboard;
			sourceTree = "<group>";
		};
		3CCC82981C6D285200B0D129 /* LaunchScreen.storyboard */ = {
			isa = PBXVariantGroup;
			children = (
				3CCC82991C6D285200B0D129 /* Base */,
			);
			name = LaunchScreen.storyboard;
			sourceTree = "<group>";
		};
/* End PBXVariantGroup section */

/* Begin XCBuildConfiguration section */
		3CCC829C1C6D285200B0D129 /* Debug */ = {
			isa = XCBuildConfiguration;
			buildSettings = {
				ALWAYS_SEARCH_USER_PATHS = NO;
				CLANG_CXX_LANGUAGE_STANDARD = "gnu++0x";
				CLANG_CXX_LIBRARY = "libc++";
				CLANG_ENABLE_MODULES = YES;
				CLANG_ENABLE_OBJC_ARC = YES;
				CLANG_WARN_BOOL_CONVERSION = YES;
				CLANG_WARN_CONSTANT_CONVERSION = YES;
				CLANG_WARN_DIRECT_OBJC_ISA_USAGE = YES_ERROR;
				CLANG_WARN_EMPTY_BODY = YES;
				CLANG_WARN_ENUM_CONVERSION = YES;
				CLANG_WARN_INT_CONVERSION = YES;
				CLANG_WARN_OBJC_ROOT_CLASS = YES_ERROR;
				CLANG_WARN_UNREACHABLE_CODE = YES;
				CLANG_WARN__DUPLICATE_METHOD_MATCH = YES;
				"CODE_SIGN_IDENTITY[sdk=iphoneos*]" = "iPhone Developer";
				COPY_PHASE_STRIP = NO;
				DEBUG_INFORMATION_FORMAT = dwarf;
				ENABLE_STRICT_OBJC_MSGSEND = YES;
				ENABLE_TESTABILITY = YES;
				GCC_C_LANGUAGE_STANDARD = gnu99;
				GCC_DYNAMIC_NO_PIC = NO;
				GCC_NO_COMMON_BLOCKS = YES;
				GCC_OPTIMIZATION_LEVEL = 0;
				GCC_PREPROCESSOR_DEFINITIONS = (
					"DEBUG=1",
					"$(inherited)",
				);
				GCC_WARN_64_TO_32_BIT_CONVERSION = YES;
				GCC_WARN_ABOUT_RETURN_TYPE = YES_ERROR;
				GCC_WARN_UNDECLARED_SELECTOR = YES;
				GCC_WARN_UNINITIALIZED_AUTOS = YES_AGGRESSIVE;
				GCC_WARN_UNUSED_FUNCTION = YES;
				GCC_WARN_UNUSED_VARIABLE = YES;
				IPHONEOS_DEPLOYMENT_TARGET = 9.0;
				MTL_ENABLE_DEBUG_INFO = YES;
				ONLY_ACTIVE_ARCH = YES;
				SDKROOT = iphoneos;
				SWIFT_OPTIMIZATION_LEVEL = "-Onone";
			};
			name = Debug;
		};
		3CCC829D1C6D285200B0D129 /* Release */ = {
			isa = XCBuildConfiguration;
			buildSettings = {
				ALWAYS_SEARCH_USER_PATHS = NO;
				CLANG_CXX_LANGUAGE_STANDARD = "gnu++0x";
				CLANG_CXX_LIBRARY = "libc++";
				CLANG_ENABLE_MODULES = YES;
				CLANG_ENABLE_OBJC_ARC = YES;
				CLANG_WARN_BOOL_CONVERSION = YES;
				CLANG_WARN_CONSTANT_CONVERSION = YES;
				CLANG_WARN_DIRECT_OBJC_ISA_USAGE = YES_ERROR;
				CLANG_WARN_EMPTY_BODY = YES;
				CLANG_WARN_ENUM_CONVERSION = YES;
				CLANG_WARN_INT_CONVERSION = YES;
				CLANG_WARN_OBJC_ROOT_CLASS = YES_ERROR;
				CLANG_WARN_UNREACHABLE_CODE = YES;
				CLANG_WARN__DUPLICATE_METHOD_MATCH = YES;
				"CODE_SIGN_IDENTITY[sdk=iphoneos*]" = "iPhone Developer";
				COPY_PHASE_STRIP = NO;
				DEBUG_INFORMATION_FORMAT = "dwarf-with-dsym";
				ENABLE_NS_ASSERTIONS = NO;
				ENABLE_STRICT_OBJC_MSGSEND = YES;
				GCC_C_LANGUAGE_STANDARD = gnu99;
				GCC_NO_COMMON_BLOCKS = YES;
				GCC_WARN_64_TO_32_BIT_CONVERSION = YES;
				GCC_WARN_ABOUT_RETURN_TYPE = YES_ERROR;
				GCC_WARN_UNDECLARED_SELECTOR = YES;
				GCC_WARN_UNINITIALIZED_AUTOS = YES_AGGRESSIVE;
				GCC_WARN_UNUSED_FUNCTION = YES;
				GCC_WARN_UNUSED_VARIABLE = YES;
				IPHONEOS_DEPLOYMENT_TARGET = 9.0;
				MTL_ENABLE_DEBUG_INFO = NO;
				SDKROOT = iphoneos;
				VALIDATE_PRODUCT = YES;
			};
			name = Release;
		};
		3CCC829F1C6D285200B0D129 /* Debug */ = {
			isa = XCBuildConfiguration;
			baseConfigurationReference = D555D4163127D8AE24762E92 /* Pods.debug.xcconfig */;
			buildSettings = {
				ASSETCATALOG_COMPILER_APPICON_NAME = AppIcon;
				INFOPLIST_FILE = ChatApp/Info.plist;
				LD_RUNPATH_SEARCH_PATHS = "$(inherited) @executable_path/Frameworks";
				PRODUCT_BUNDLE_IDENTIFIER = jk.ChatApp;
				PRODUCT_NAME = "$(TARGET_NAME)";
			};
			name = Debug;
		};
		3CCC82A01C6D285200B0D129 /* Release */ = {
			isa = XCBuildConfiguration;
			baseConfigurationReference = 395227C05CA495628F251014 /* Pods.release.xcconfig */;
			buildSettings = {
				ASSETCATALOG_COMPILER_APPICON_NAME = AppIcon;
				INFOPLIST_FILE = ChatApp/Info.plist;
				LD_RUNPATH_SEARCH_PATHS = "$(inherited) @executable_path/Frameworks";
				PRODUCT_BUNDLE_IDENTIFIER = jk.ChatApp;
				PRODUCT_NAME = "$(TARGET_NAME)";
			};
			name = Release;
		};
/* End XCBuildConfiguration section */

/* Begin XCConfigurationList section */
		3CCC82871C6D285200B0D129 /* Build configuration list for PBXProject "ChatApp" */ = {
			isa = XCConfigurationList;
			buildConfigurations = (
				3CCC829C1C6D285200B0D129 /* Debug */,
				3CCC829D1C6D285200B0D129 /* Release */,
			);
			defaultConfigurationIsVisible = 0;
			defaultConfigurationName = Release;
		};
		3CCC829E1C6D285200B0D129 /* Build configuration list for PBXNativeTarget "ChatApp" */ = {
			isa = XCConfigurationList;
			buildConfigurations = (
				3CCC829F1C6D285200B0D129 /* Debug */,
				3CCC82A01C6D285200B0D129 /* Release */,
			);
			defaultConfigurationIsVisible = 0;
			defaultConfigurationName = Release;
		};
/* End XCConfigurationList section */
	};
	rootObject = 3CCC82841C6D285200B0D129 /* Project object */;
}
